{
  "nodes": {
    "home-manager": {
      "inputs": {
        "nixpkgs": [
          "nixpkgs"
        ]
      },
      "locked": {
        "lastModified": 1788921139,
        "narHash": "sha256-2wRuvf9UDw1SYWtBcxNmxLeAtNU1i/hc1c0AKQHdvlM=",
        "owner": "nix-community",
        "repo": "home-manager",
        "rev": "a2dbe7c2c9333e8234ae8114c7f731784201d108",
        "type": "github"
      },
      "original": {
        "owner": "nix-community",
        "repo": "home-manager",
        "type": "github"
      }
    },
    "nixpkgs": {
      "inputs": {
        "nixpkgs": "nixpkgs_2"
      },
      "locked": {
        "lastModified": 1788890127,
        "narHash": "sha256-nbC814cYCtdaEA3nP4d2TExtGPzh1iCKQJeHbFNE9Qk=",
        "owner": "numtide",
        "repo": "nixpkgs-unfree",
        "rev": "43ce706c16a1a13e09c56373b67274831a16f756",
        "type": "github"
      },
      "original": {
        "owner": "numtide",
        "ref": "nixpkgs-unstable",
        "repo": "nixpkgs-unfree",
        "type": "github"
      }
    },
    "nixpkgs_2": {
      "locked": {
        "lastModified": 1788834054,
        "narHash": "sha256-9dzTcXMtlknZyT47Vv1PnpGgN7UYA8WxxqyxsKdvYbo=",
        "owner": "NixOS",
        "repo": "nixpkgs",
        "rev": "e9b9cbecbf6c25ca26c150d78570e6332694a129",
        "type": "github"
      },
      "original": {
        "id": "nixpkgs",
        "type": "indirect"
      }
    },
    "root": {
      "inputs": {
        "home-manager": "home-manager",
        "nixpkgs": "nixpkgs"
      }
    }
  },
  "root": "root",
  "version": 7
}
